
Microsoft Visual Studio Solution File, Format Version 12.00
# Visual Studio Version 16
VisualStudioVersion = 16.0.30804.86
MinimumVisualStudioVersion = 10.0.40219.1
Project("{9A19103F-16F7-4668-BE54-9A1E7A4F7556}") = "MongoDB.Concurrency", "MongoDB.Concurrency\MongoDB.Concurrency.csproj", "{90B6BFB4-425F-4521-85F6-F8FDF322843B}"
EndProject
Project("{FAE04EC0-301F-11D3-BF4B-00C04F79EFBC}") = "MongoDB.Concurrency.Tests", "MongoDB.Concurrency.Tests\MongoDB.Concurrency.Tests.csproj", "{C64FD5AC-981B-46DF-8C9D-61656D28B5F7}"
EndProject
Project("{FAE04EC0-301F-11D3-BF4B-00C04F79EFBC}") = "MongoDB.Concurrency.IntegrationTests", "MongoDB.Concurrency.IntegrationTests\MongoDB.Concurrency.IntegrationTests.csproj", "{0026B9E8-F771-457C-BBAC-46EC205AFB83}"
EndProject
Global
	GlobalSection(SolutionConfigurationPlatforms) = preSolution
		Debug|Any CPU = Debug|Any CPU
		Release|Any CPU = Release|Any CPU
	EndGlobalSection
	GlobalSection(ProjectConfigurationPlatforms) = postSolution
		{90B6BFB4-425F-4521-85F6-F8FDF322843B}.Debug|Any CPU.ActiveCfg = Debug|Any CPU
		{90B6BFB4-425F-4521-85F6-F8FDF322843B}.Debug|Any CPU.Build.0 = Debug|Any CPU
		{90B6BFB4-425F-4521-85F6-F8FDF322843B}.Release|Any CPU.ActiveCfg = Release|Any CPU
		{90B6BFB4-425F-4521-85F6-F8FDF322843B}.Release|Any CPU.Build.0 = Release|Any CPU
		{C64FD5AC-981B-46DF-8C9D-61656D28B5F7}.Debug|Any CPU.ActiveCfg = Debug|Any CPU
		{C64FD5AC-981B-46DF-8C9D-61656D28B5F7}.Debug|Any CPU.Build.0 = Debug|Any CPU
		{C64FD5AC-981B-46DF-8C9D-61656D28B5F7}.Release|Any CPU.ActiveCfg = Release|Any CPU
		{C64FD5AC-981B-46DF-8C9D-61656D28B5F7}.Release|Any CPU.Build.0 = Release|Any CPU
		{0026B9E8-F771-457C-BBAC-46EC205AFB83}.Debug|Any CPU.ActiveCfg = Debug|Any CPU
		{0026B9E8-F771-457C-BBAC-46EC205AFB83}.Debug|Any CPU.Build.0 = Debug|Any CPU
		{0026B9E8-F771-457C-BBAC-46EC205AFB83}.Release|Any CPU.ActiveCfg = Release|Any CPU
		{0026B9E8-F771-457C-BBAC-46EC205AFB83}.Release|Any CPU.Build.0 = Release|Any CPU
	EndGlobalSection
	GlobalSection(SolutionProperties) = preSolution
		HideSolutionNode = FALSE
	EndGlobalSection
	GlobalSection(ExtensibilityGlobals) = postSolution
		SolutionGuid = {17B2EB7E-D8AE-4534-BAE8-06F679A01616}
	EndGlobalSection
EndGlobal
